# THIS IS AN AUTOGENERATED FILE. DO NOT EDIT THIS FILE DIRECTLY.
# yarn lockfile v1


"@types/cheerio@*":
  version "0.22.11"
  resolved "https://registry.yarnpkg.com/@types/cheerio/-/cheerio-0.22.11.tgz#61c0facf9636d14ba5f77fc65ed8913aa845d717"
  integrity sha512-x0X3kPbholdJZng9wDMhb2swvUi3UYRNAuWAmIPIWlfgAJZp//cql/qblE7181Mg7SjWVwq6ldCPCLn5AY/e7w==
  dependencies:
    "@types/node" "*"

"@types/enzyme-adapter-react-16@^1.0.5":
  version "1.0.5"
  resolved "https://registry.yarnpkg.com/@types/enzyme-adapter-react-16/-/enzyme-adapter-react-16-1.0.5.tgz#1bf30a166f49be69eeda4b81e3f24113c8b4e9d5"
  integrity sha512-K7HLFTkBDN5RyRmU90JuYt8OWEY2iKUn43SDWEoBOXd/PowUWjLZ3Q6qMBiQuZeFYK/TOstaZxsnI0fXoAfLpg==
  dependencies:
    "@types/enzyme" "*"

"@types/enzyme@*":
  version "3.9.1"
  resolved "https://registry.yarnpkg.com/@types/enzyme/-/enzyme-3.9.1.tgz#3a0ce07e30066dbc26cd3474c8e680af2d249e26"
  integrity sha512-CasnOP73BFE3/5JvGkod+oQtGOD1+CVWz9BV2iAqDFJ+sofL5gTiizSr8ZM3lpDY27ptC8yjAdrUCdv8diKKqw==
  dependencies:
    "@types/cheerio" "*"
    "@types/react" "*"

"@types/node@*":
  version "11.12.1"
  resolved "https://registry.yarnpkg.com/@types/node/-/node-11.12.1.tgz#d90123f6c61fdf2f7cddd286ddae891586dd3488"
  integrity sha512-sKDlqv6COJrR7ar0+GqqhrXQDzQlMcqMnF2iEU6m9hLo8kxozoAGUazwPyELHlRVmjsbvlnGXjnzyptSXVmceA==

"@types/prop-types@*":
  version "15.7.0"
  resolved "https://registry.yarnpkg.com/@types/prop-types/-/prop-types-15.7.0.tgz#4c48fed958d6dcf9487195a0ef6456d5f6e0163a"
  integrity sha512-eItQyV43bj4rR3JPV0Skpl1SncRCdziTEK9/v8VwXmV6d/qOUO8/EuWeHBbCZcsfSHfzI5UyMJLCSXtxxznyZg==

"@types/react@*":
  version "16.8.10"
  resolved "https://registry.yarnpkg.com/@types/react/-/react-16.8.10.tgz#1ccb6fde17f71a62ef055382ec68bdc379d4d8d9"
  integrity sha512-7bUQeZKP4XZH/aB4i7k1i5yuwymDu/hnLMhD9NjVZvQQH7ZUgRN3d6iu8YXzx4sN/tNr0bj8jgguk8hhObzGvA==
  dependencies:
    "@types/prop-types" "*"
    csstype "^2.2.0"

csstype@^2.2.0:
  version "2.6.3"
  resolved "https://registry.yarnpkg.com/csstype/-/csstype-2.6.3.tgz#b701e5968245bf9b08d54ac83d00b624e622a9fa"
  integrity sha512-rINUZXOkcBmoHWEyu7JdHu5JMzkGRoMX4ov9830WNgxf5UYxcBUO0QTKAqeJ5EZfSdlrcJYkC8WwfVW7JYi4yg==
